version = 1
revision = 3
requires-python = ">=3.12"

[[package]]
name = "boto"
version = "2.49.0"
source = { registry = "https://pypi.org/simple" }
sdist = { url = "https://files.pythonhosted.org/packages/c8/af/54a920ff4255664f5d238b5aebd8eedf7a07c7a5e71e27afcfe840b82f51/boto-2.49.0.tar.gz", hash = "sha256:ea0d3b40a2d852767be77ca343b58a9e3a4b00d9db440efb8da74b4e58025e5a", size = 1478498, upload-time = "2018-07-11T20:58:58.057Z" }
wheels = [
    { url = "https://files.pythonhosted.org/packages/23/10/c0b78c27298029e4454a472a1919bde20cb182dab1662cec7f2ca1dcc523/boto-2.49.0-py2.py3-none-any.whl", hash = "sha256:147758d41ae7240dc989f0039f27da8ca0d53734be0eb869ef16e3adcfa462e8", size = 1359202, upload-time = "2018-07-11T20:58:55.711Z" },
]

[[package]]
name = "papercuts"
version = "0.1.0"
source = { virtual = "." }
dependencies = [
    { name = "pybind11-stubgen" },
    { name = "pyslang" },
    { name = "z3" },
    { name = "z3-solver" },
]

[package.metadata]
requires-dist = [
    { name = "pybind11-stubgen", specifier = ">=2.5.5" },
    { name = "pyslang", git = "https://github.com/ilthraim/slang.git" },
    { name = "z3", specifier = ">=0.2.0" },
    { name = "z3-solver", specifier = ">=4.15.4.0" },
]

[[package]]
name = "pybind11-stubgen"
version = "2.5.5"
source = { registry = "https://pypi.org/simple" }
sdist = { url = "https://files.pythonhosted.org/packages/81/81/81900180501a51056572dd01aa852cc2d162478d4676ecebbfaad5cc20d1/pybind11_stubgen-2.5.5.tar.gz", hash = "sha256:758d6d6bbeefc62ad7f78d5e5bbf357ccf6af83cd4504f5f549403f452942708", size = 25031, upload-time = "2025-08-09T01:22:44.403Z" }
wheels = [
    { url = "https://files.pythonhosted.org/packages/4f/e4/4f2d41881fae547f06ffa4c9748fa8ed13c4db5c830ff268b84175546b3c/pybind11_stubgen-2.5.5-py3-none-any.whl", hash = "sha256:10824cd2fc5cbbee032b8fb39e6f6c08de232deb309bc66d786a6c6e8a4601bd", size = 30210, upload-time = "2025-08-09T01:22:43.135Z" },
]

[[package]]
name = "pyslang"
version = "10.0.0"
source = { git = "https://github.com/ilthraim/slang.git#0f4ac94ae8362f1babe2dc2798d6af64ebec4136" }

[[package]]
name = "z3"
version = "0.2.0"
source = { registry = "https://pypi.org/simple" }
dependencies = [
    { name = "boto" },
]
sdist = { url = "https://files.pythonhosted.org/packages/bc/00/c1f1dfb34f5975c0d5f03e108b0669246026b83512b755e9bc725638219d/z3-0.2.0.tar.gz", hash = "sha256:34819e964d71e1474f933b34b9e65f0d021ccfc9d9edbbded54d54c1a9352b90", size = 24593, upload-time = "2018-03-06T11:01:04.222Z" }

[[package]]
name = "z3-solver"
version = "4.15.8.0"
source = { registry = "https://pypi.org/simple" }
sdist = { url = "https://files.pythonhosted.org/packages/0e/46/5ab514528111418ed5b93df48a572fecb3e8fe2ed9108d5563a951f3a7d6/z3_solver-4.15.8.0.tar.gz", hash = "sha256:fbb5ebb43e4f59335d415fc78074000953dcf9963b7ad2230fa68293ca25e9cb", size = 5072381, upload-time = "2026-02-12T20:59:04.352Z" }
wheels = [
    { url = "https://files.pythonhosted.org/packages/4a/f5/625c056c0d86b3f3ae8c1779c9314a9fa7bf74cd863b6f92d5d9c74e197b/z3_solver-4.15.8.0-py3-none-macosx_15_0_arm64.whl", hash = "sha256:24434ff39a86f3f580130380d341796b19ada49e68f139ec05b82ae0cc46b384", size = 36964743, upload-time = "2026-02-12T20:58:34.145Z" },
    { url = "https://files.pythonhosted.org/packages/e6/56/f5553c5ceaa50c0a1927d58aee4f1ab63ae830fee1d0ae3a8302c92d3465/z3_solver-4.15.8.0-py3-none-macosx_15_0_x86_64.whl", hash = "sha256:f60da7b1da62ba7e2d0b5852395ecf50f095d46c004286a51ddc0c75d4d5132a", size = 47526198, upload-time = "2026-02-12T20:58:38.806Z" },
    { url = "https://files.pythonhosted.org/packages/c1/d6/beb88db135980497db93ec0211285e83bf4d04fde99925309cb0f5dc9fbb/z3_solver-4.15.8.0-py3-none-manylinux_2_27_x86_64.whl", hash = "sha256:05fbd0b2644131c83c535505a26db8057728e45f3de9ce07af2c99d3be365713", size = 31748580, upload-time = "2026-02-12T20:58:43.18Z" },
    { url = "https://files.pythonhosted.org/packages/63/12/fa348373f437601349b4233c6681d0b8e7f2e8f0f8f63d130f406a4c888e/z3_solver-4.15.8.0-py3-none-manylinux_2_38_aarch64.whl", hash = "sha256:b35ac727aa9e769de0ddbea94be4f1bf382abe49903ea455b1512cc959fc1ac9", size = 27321039, upload-time = "2026-02-12T20:58:47.549Z" },
    { url = "https://files.pythonhosted.org/packages/70/67/a440ce9386b3c8c6d30929cbaacd35cfb26802471e888595cc633e1976e0/z3_solver-4.15.8.0-py3-none-win32.whl", hash = "sha256:b98df38ceabcae8dd4f5e7d8705d0ffb6e80cde3428d73850f398cdfbf7579bf", size = 13341721, upload-time = "2026-02-12T20:58:55.289Z" },
    { url = "https://files.pythonhosted.org/packages/33/0a/836ab4e4bbe490cc94472da42001cfcdda9c75b518869b98d4b0097a308e/z3_solver-4.15.8.0-py3-none-win_amd64.whl", hash = "sha256:8f630d5bf139e0c20fea8c09b8b10a4ee52e99666951468e3e365b594690da7f", size = 16419862, upload-time = "2026-02-12T20:58:58.486Z" },
    { url = "https://files.pythonhosted.org/packages/eb/34/5f361d9320fcf1ce334ecdd77f85858084d7681687809ac10c64ca6a9636/z3_solver-4.15.8.0-py3-none-win_arm64.whl", hash = "sha256:87d5c4a0400ee5dbcaf5b86c6d507525a9fd2d0adb2b64622ebcd29eef59207a", size = 15086043, upload-time = "2026-02-12T20:59:01.957Z" },
]
