version = 1
revision = 3
requires-python = ">=3.12"

[[package]]
name = "papercuts"
version = "0.1.0"
source = { virtual = "." }
dependencies = [
    { name = "pyslang" },
]

[package.metadata]
requires-dist = [{ name = "pyslang", git = "https://github.com/MikePopoloski/slang.git" }]

[[package]]
name = "pyslang"
version = "9.1.0"
source = { git = "https://github.com/MikePopoloski/slang.git#a6a2db93ce90f8a3c2ac2363437e290d503f0b93" }
